
Microsoft Visual Studio Solution File, Format Version 12.00
# Visual Studio Version 17
VisualStudioVersion = 17.10.35004.147
MinimumVisualStudioVersion = 10.0.40219.1
Project("{FAE04EC0-301F-11D3-BF4B-00C04F79EFBC}") = "IconTintColorBehavior-Shift-Bug", "IconTintColorBehavior-Shift-Bug\IconTintColorBehavior-Shift-Bug.csproj", "{60FFEB23-EBB3-40A1-8F51-0257E746035A}"
EndProject
Global
	GlobalSection(SolutionConfigurationPlatforms) = preSolution
		Debug|Any CPU = Debug|Any CPU
		Release|Any CPU = Release|Any CPU
	EndGlobalSection
	GlobalSection(ProjectConfigurationPlatforms) = postSolution
		{60FFEB23-EBB3-40A1-8F51-0257E746035A}.Debug|Any CPU.ActiveCfg = Debug|Any CPU
		{60FFEB23-EBB3-40A1-8F51-0257E746035A}.Debug|Any CPU.Build.0 = Debug|Any CPU
		{60FFEB23-EBB3-40A1-8F51-0257E746035A}.Debug|Any CPU.Deploy.0 = Debug|Any CPU
		{60FFEB23-EBB3-40A1-8F51-0257E746035A}.Release|Any CPU.ActiveCfg = Release|Any CPU
		{60FFEB23-EBB3-40A1-8F51-0257E746035A}.Release|Any CPU.Build.0 = Release|Any CPU
		{60FFEB23-EBB3-40A1-8F51-0257E746035A}.Release|Any CPU.Deploy.0 = Release|Any CPU
	EndGlobalSection
	GlobalSection(SolutionProperties) = preSolution
		HideSolutionNode = FALSE
	EndGlobalSection
	GlobalSection(ExtensibilityGlobals) = postSolution
		SolutionGuid = {FE135700-B16A-4BD0-8A31-ECD4038635C5}
	EndGlobalSection
EndGlobal
